
Microsoft Visual Studio Solution File, Format Version 11.00
# Visual Studio 2010
Project("{FAE04EC0-301F-11D3-BF4B-00C04F79EFBC}") = "IssuSiparis", "IssuSiparis\IssuSiparis.csproj", "{80222B0A-E55F-4D9C-8A7B-5E989A2446F0}"
EndProject
Project("{FAE04EC0-301F-11D3-BF4B-00C04F79EFBC}") = "LicenceMgr", "LicenceMgr\LicenceMgr.csproj", "{E7367D26-19E2-488D-8427-F68BB7C5A9F9}"
EndProject
Project("{54435603-DBB4-11D2-8724-00A0C9A8B90C}") = "SITAP_Installer", "SITAP_Installer\SITAP_Installer.vdproj", "{61DB2FFA-5DD5-4B63-822E-17FB45DD84DC}"
EndProject
Global
	GlobalSection(SolutionConfigurationPlatforms) = preSolution
		Debug|x86 = Debug|x86
		Release|x86 = Release|x86
	EndGlobalSection
	GlobalSection(ProjectConfigurationPlatforms) = postSolution
		{80222B0A-E55F-4D9C-8A7B-5E989A2446F0}.Debug|x86.ActiveCfg = Release|x86
		{80222B0A-E55F-4D9C-8A7B-5E989A2446F0}.Debug|x86.Build.0 = Release|x86
		{80222B0A-E55F-4D9C-8A7B-5E989A2446F0}.Release|x86.ActiveCfg = Release|x86
		{80222B0A-E55F-4D9C-8A7B-5E989A2446F0}.Release|x86.Build.0 = Release|x86
		{E7367D26-19E2-488D-8427-F68BB7C5A9F9}.Debug|x86.ActiveCfg = Debug|x86
		{E7367D26-19E2-488D-8427-F68BB7C5A9F9}.Debug|x86.Build.0 = Debug|x86
		{E7367D26-19E2-488D-8427-F68BB7C5A9F9}.Release|x86.ActiveCfg = Release|x86
		{E7367D26-19E2-488D-8427-F68BB7C5A9F9}.Release|x86.Build.0 = Release|x86
		{61DB2FFA-5DD5-4B63-822E-17FB45DD84DC}.Debug|x86.ActiveCfg = Debug
		{61DB2FFA-5DD5-4B63-822E-17FB45DD84DC}.Release|x86.ActiveCfg = Release
		{61DB2FFA-5DD5-4B63-822E-17FB45DD84DC}.Release|x86.Build.0 = Release
	EndGlobalSection
	GlobalSection(SolutionProperties) = preSolution
		HideSolutionNode = FALSE
	EndGlobalSection
EndGlobal
